
Microsoft Visual Studio Solution File, Format Version 12.00
# Visual Studio Version 17
VisualStudioVersion = 17.2.32630.192
MinimumVisualStudioVersion = 10.0.40219.1
Project("{FAE04EC0-301F-11D3-BF4B-00C04F79EFBC}") = "Modilfinal", "Modilfinal.csproj", "{CDB23669-53FD-4132-8803-797D41D4EDDB}"
EndProject
Global
	GlobalSection(SolutionConfigurationPlatforms) = preSolution
		Debug|Any CPU = Debug|Any CPU
		Release|Any CPU = Release|Any CPU
	EndGlobalSection
	GlobalSection(ProjectConfigurationPlatforms) = postSolution
		{CDB23669-53FD-4132-8803-797D41D4EDDB}.Debug|Any CPU.ActiveCfg = Debug|Any CPU
		{CDB23669-53FD-4132-8803-797D41D4EDDB}.Debug|Any CPU.Build.0 = Debug|Any CPU
		{CDB23669-53FD-4132-8803-797D41D4EDDB}.Release|Any CPU.ActiveCfg = Release|Any CPU
		{CDB23669-53FD-4132-8803-797D41D4EDDB}.Release|Any CPU.Build.0 = Release|Any CPU
	EndGlobalSection
	GlobalSection(SolutionProperties) = preSolution
		HideSolutionNode = FALSE
	EndGlobalSection
	GlobalSection(ExtensibilityGlobals) = postSolution
		SolutionGuid = {3AD93635-96DF-4518-AA47-974EC5940645}
	EndGlobalSection
EndGlobal
